
Microsoft Visual Studio Solution File, Format Version 12.00
# Visual Studio Version 17
VisualStudioVersion = 17.0.31903.59
MinimumVisualStudioVersion = 10.0.40219.1
Project("{9A19103F-16F7-4668-BE54-9A1E7A4F7556}") = "Chummer.Engine.Contracts", "Chummer.Contracts\Chummer.Contracts.csproj", "{5AE9C7E4-DD6A-41C0-9D5D-CBFA78968459}"
EndProject
Project("{9A19103F-16F7-4668-BE54-9A1E7A4F7556}") = "Chummer.Application", "Chummer.Application\Chummer.Application.csproj", "{54A2F4B4-211D-48BA-9DFD-EC4FD8812F76}"
EndProject
Project("{9A19103F-16F7-4668-BE54-9A1E7A4F7556}") = "Chummer.Core", "Chummer.Core\Chummer.Core.csproj", "{A2EE49C2-C2D0-4C51-8DAD-E321E1A826BB}"
EndProject
Project("{9A19103F-16F7-4668-BE54-9A1E7A4F7556}") = "Chummer.Infrastructure", "Chummer.Infrastructure\Chummer.Infrastructure.csproj", "{3397147C-31F7-4C51-A4F4-542E3F1B57AA}"
EndProject
Project("{9A19103F-16F7-4668-BE54-9A1E7A4F7556}") = "Chummer.Rulesets.Hosting", "Chummer.Rulesets.Hosting\Chummer.Rulesets.Hosting.csproj", "{B5893F73-42C3-4D8D-9B33-73192FA8504B}"
EndProject
Project("{9A19103F-16F7-4668-BE54-9A1E7A4F7556}") = "Chummer.Rulesets.Sr5", "Chummer.Rulesets.Sr5\Chummer.Rulesets.Sr5.csproj", "{9B8EBA51-0E02-453F-8C85-8B54B73290EC}"
EndProject
Project("{9A19103F-16F7-4668-BE54-9A1E7A4F7556}") = "Chummer.Rulesets.Sr6", "Chummer.Rulesets.Sr6\Chummer.Rulesets.Sr6.csproj", "{52F5B3F6-1EB3-4737-9B46-BF6DA8A90CF8}"
EndProject
Project("{9A19103F-16F7-4668-BE54-9A1E7A4F7556}") = "Chummer.Rulesets.Sr4", "Chummer.Rulesets.Sr4\Chummer.Rulesets.Sr4.csproj", "{16ACB4CC-8D82-4938-A618-7090DD1C0EDB}"
EndProject
Project("{9A19103F-16F7-4668-BE54-9A1E7A4F7556}") = "Chummer.CoreEngine.Tests", "Chummer.CoreEngine.Tests\Chummer.CoreEngine.Tests.csproj", "{D9FEF37B-3A5F-4B8C-8D3C-7A8C8C4F6B1E}"
EndProject
Project("{FAE04EC0-301F-11D3-BF4B-00C04F79EFBC}") = "Chummer.Run.Contracts", "Chummer.Run.Contracts\Chummer.Run.Contracts.csproj", "{7A2E9277-73CA-4B39-A6AB-A64619835EAD}"
EndProject
Global
	GlobalSection(SolutionConfigurationPlatforms) = preSolution
		Debug|Any CPU = Debug|Any CPU
		Debug|x64 = Debug|x64
		Debug|x86 = Debug|x86
		Debuggable Release|Any CPU = Debuggable Release|Any CPU
		Debuggable Release|x64 = Debuggable Release|x64
		Debuggable Release|x86 = Debuggable Release|x86
		Release|Any CPU = Release|Any CPU
		Release|x64 = Release|x64
		Release|x86 = Release|x86
	EndGlobalSection
	GlobalSection(ProjectConfigurationPlatforms) = postSolution
		{5AE9C7E4-DD6A-41C0-9D5D-CBFA78968459}.Debug|Any CPU.ActiveCfg = Debug|Any CPU
		{5AE9C7E4-DD6A-41C0-9D5D-CBFA78968459}.Debug|Any CPU.Build.0 = Debug|Any CPU
		{5AE9C7E4-DD6A-41C0-9D5D-CBFA78968459}.Debug|x64.ActiveCfg = Debug|Any CPU
		{5AE9C7E4-DD6A-41C0-9D5D-CBFA78968459}.Debug|x64.Build.0 = Debug|Any CPU
		{5AE9C7E4-DD6A-41C0-9D5D-CBFA78968459}.Debug|x86.ActiveCfg = Debug|Any CPU
		{5AE9C7E4-DD6A-41C0-9D5D-CBFA78968459}.Debug|x86.Build.0 = Debug|Any CPU
		{5AE9C7E4-DD6A-41C0-9D5D-CBFA78968459}.Debuggable Release|Any CPU.ActiveCfg = Debug|Any CPU
		{5AE9C7E4-DD6A-41C0-9D5D-CBFA78968459}.Debuggable Release|Any CPU.Build.0 = Debug|Any CPU
		{5AE9C7E4-DD6A-41C0-9D5D-CBFA78968459}.Debuggable Release|x64.ActiveCfg = Debug|Any CPU
		{5AE9C7E4-DD6A-41C0-9D5D-CBFA78968459}.Debuggable Release|x64.Build.0 = Debug|Any CPU
		{5AE9C7E4-DD6A-41C0-9D5D-CBFA78968459}.Debuggable Release|x86.ActiveCfg = Debug|Any CPU
		{5AE9C7E4-DD6A-41C0-9D5D-CBFA78968459}.Debuggable Release|x86.Build.0 = Debug|Any CPU
		{5AE9C7E4-DD6A-41C0-9D5D-CBFA78968459}.Release|Any CPU.ActiveCfg = Release|Any CPU
		{5AE9C7E4-DD6A-41C0-9D5D-CBFA78968459}.Release|Any CPU.Build.0 = Release|Any CPU
		{5AE9C7E4-DD6A-41C0-9D5D-CBFA78968459}.Release|x64.ActiveCfg = Release|Any CPU
		{5AE9C7E4-DD6A-41C0-9D5D-CBFA78968459}.Release|x64.Build.0 = Release|Any CPU
		{5AE9C7E4-DD6A-41C0-9D5D-CBFA78968459}.Release|x86.ActiveCfg = Release|Any CPU
		{5AE9C7E4-DD6A-41C0-9D5D-CBFA78968459}.Release|x86.Build.0 = Release|Any CPU
		{54A2F4B4-211D-48BA-9DFD-EC4FD8812F76}.Debug|Any CPU.ActiveCfg = Debug|Any CPU
		{54A2F4B4-211D-48BA-9DFD-EC4FD8812F76}.Debug|Any CPU.Build.0 = Debug|Any CPU
		{54A2F4B4-211D-48BA-9DFD-EC4FD8812F76}.Debug|x64.ActiveCfg = Debug|Any CPU
		{54A2F4B4-211D-48BA-9DFD-EC4FD8812F76}.Debug|x64.Build.0 = Debug|Any CPU
		{54A2F4B4-211D-48BA-9DFD-EC4FD8812F76}.Debug|x86.ActiveCfg = Debug|Any CPU
		{54A2F4B4-211D-48BA-9DFD-EC4FD8812F76}.Debug|x86.Build.0 = Debug|Any CPU
		{54A2F4B4-211D-48BA-9DFD-EC4FD8812F76}.Debuggable Release|Any CPU.ActiveCfg = Debug|Any CPU
		{54A2F4B4-211D-48BA-9DFD-EC4FD8812F76}.Debuggable Release|Any CPU.Build.0 = Debug|Any CPU
		{54A2F4B4-211D-48BA-9DFD-EC4FD8812F76}.Debuggable Release|x64.ActiveCfg = Debug|Any CPU
		{54A2F4B4-211D-48BA-9DFD-EC4FD8812F76}.Debuggable Release|x64.Build.0 = Debug|Any CPU
		{54A2F4B4-211D-48BA-9DFD-EC4FD8812F76}.Debuggable Release|x86.ActiveCfg = Debug|Any CPU
		{54A2F4B4-211D-48BA-9DFD-EC4FD8812F76}.Debuggable Release|x86.Build.0 = Debug|Any CPU
		{54A2F4B4-211D-48BA-9DFD-EC4FD8812F76}.Release|Any CPU.ActiveCfg = Release|Any CPU
		{54A2F4B4-211D-48BA-9DFD-EC4FD8812F76}.Release|Any CPU.Build.0 = Release|Any CPU
		{54A2F4B4-211D-48BA-9DFD-EC4FD8812F76}.Release|x64.ActiveCfg = Release|Any CPU
		{54A2F4B4-211D-48BA-9DFD-EC4FD8812F76}.Release|x64.Build.0 = Release|Any CPU
		{54A2F4B4-211D-48BA-9DFD-EC4FD8812F76}.Release|x86.ActiveCfg = Release|Any CPU
		{54A2F4B4-211D-48BA-9DFD-EC4FD8812F76}.Release|x86.Build.0 = Release|Any CPU
		{A2EE49C2-C2D0-4C51-8DAD-E321E1A826BB}.Debug|Any CPU.ActiveCfg = Debug|Any CPU
		{A2EE49C2-C2D0-4C51-8DAD-E321E1A826BB}.Debug|Any CPU.Build.0 = Debug|Any CPU
		{A2EE49C2-C2D0-4C51-8DAD-E321E1A826BB}.Debug|x64.ActiveCfg = Debug|Any CPU
		{A2EE49C2-C2D0-4C51-8DAD-E321E1A826BB}.Debug|x64.Build.0 = Debug|Any CPU
		{A2EE49C2-C2D0-4C51-8DAD-E321E1A826BB}.Debug|x86.ActiveCfg = Debug|Any CPU
		{A2EE49C2-C2D0-4C51-8DAD-E321E1A826BB}.Debug|x86.Build.0 = Debug|Any CPU
		{A2EE49C2-C2D0-4C51-8DAD-E321E1A826BB}.Debuggable Release|Any CPU.ActiveCfg = Debug|Any CPU
		{A2EE49C2-C2D0-4C51-8DAD-E321E1A826BB}.Debuggable Release|Any CPU.Build.0 = Debug|Any CPU
		{A2EE49C2-C2D0-4C51-8DAD-E321E1A826BB}.Debuggable Release|x64.ActiveCfg = Debug|Any CPU
		{A2EE49C2-C2D0-4C51-8DAD-E321E1A826BB}.Debuggable Release|x64.Build.0 = Debug|Any CPU
		{A2EE49C2-C2D0-4C51-8DAD-E321E1A826BB}.Debuggable Release|x86.ActiveCfg = Debug|Any CPU
		{A2EE49C2-C2D0-4C51-8DAD-E321E1A826BB}.Debuggable Release|x86.Build.0 = Debug|Any CPU
		{A2EE49C2-C2D0-4C51-8DAD-E321E1A826BB}.Release|Any CPU.ActiveCfg = Release|Any CPU
		{A2EE49C2-C2D0-4C51-8DAD-E321E1A826BB}.Release|Any CPU.Build.0 = Release|Any CPU
		{A2EE49C2-C2D0-4C51-8DAD-E321E1A826BB}.Release|x64.ActiveCfg = Release|Any CPU
		{A2EE49C2-C2D0-4C51-8DAD-E321E1A826BB}.Release|x64.Build.0 = Release|Any CPU
		{A2EE49C2-C2D0-4C51-8DAD-E321E1A826BB}.Release|x86.ActiveCfg = Release|Any CPU
		{A2EE49C2-C2D0-4C51-8DAD-E321E1A826BB}.Release|x86.Build.0 = Release|Any CPU
		{3397147C-31F7-4C51-A4F4-542E3F1B57AA}.Debug|Any CPU.ActiveCfg = Debug|Any CPU
		{3397147C-31F7-4C51-A4F4-542E3F1B57AA}.Debug|Any CPU.Build.0 = Debug|Any CPU
		{3397147C-31F7-4C51-A4F4-542E3F1B57AA}.Debug|x64.ActiveCfg = Debug|Any CPU
		{3397147C-31F7-4C51-A4F4-542E3F1B57AA}.Debug|x64.Build.0 = Debug|Any CPU
		{3397147C-31F7-4C51-A4F4-542E3F1B57AA}.Debug|x86.ActiveCfg = Debug|Any CPU
		{3397147C-31F7-4C51-A4F4-542E3F1B57AA}.Debug|x86.Build.0 = Debug|Any CPU
		{3397147C-31F7-4C51-A4F4-542E3F1B57AA}.Debuggable Release|Any CPU.ActiveCfg = Debug|Any CPU
		{3397147C-31F7-4C51-A4F4-542E3F1B57AA}.Debuggable Release|Any CPU.Build.0 = Debug|Any CPU
		{3397147C-31F7-4C51-A4F4-542E3F1B57AA}.Debuggable Release|x64.ActiveCfg = Debug|Any CPU
		{3397147C-31F7-4C51-A4F4-542E3F1B57AA}.Debuggable Release|x64.Build.0 = Debug|Any CPU
		{3397147C-31F7-4C51-A4F4-542E3F1B57AA}.Debuggable Release|x86.ActiveCfg = Debug|Any CPU
		{3397147C-31F7-4C51-A4F4-542E3F1B57AA}.Debuggable Release|x86.Build.0 = Debug|Any CPU
		{3397147C-31F7-4C51-A4F4-542E3F1B57AA}.Release|Any CPU.ActiveCfg = Release|Any CPU
		{3397147C-31F7-4C51-A4F4-542E3F1B57AA}.Release|Any CPU.Build.0 = Release|Any CPU
		{3397147C-31F7-4C51-A4F4-542E3F1B57AA}.Release|x64.ActiveCfg = Release|Any CPU
		{3397147C-31F7-4C51-A4F4-542E3F1B57AA}.Release|x64.Build.0 = Release|Any CPU
		{3397147C-31F7-4C51-A4F4-542E3F1B57AA}.Release|x86.ActiveCfg = Release|Any CPU
		{3397147C-31F7-4C51-A4F4-542E3F1B57AA}.Release|x86.Build.0 = Release|Any CPU
		{B5893F73-42C3-4D8D-9B33-73192FA8504B}.Debug|Any CPU.ActiveCfg = Debug|Any CPU
		{B5893F73-42C3-4D8D-9B33-73192FA8504B}.Debug|Any CPU.Build.0 = Debug|Any CPU
		{B5893F73-42C3-4D8D-9B33-73192FA8504B}.Debug|x64.ActiveCfg = Debug|Any CPU
		{B5893F73-42C3-4D8D-9B33-73192FA8504B}.Debug|x64.Build.0 = Debug|Any CPU
		{B5893F73-42C3-4D8D-9B33-73192FA8504B}.Debug|x86.ActiveCfg = Debug|Any CPU
		{B5893F73-42C3-4D8D-9B33-73192FA8504B}.Debug|x86.Build.0 = Debug|Any CPU
		{B5893F73-42C3-4D8D-9B33-73192FA8504B}.Debuggable Release|Any CPU.ActiveCfg = Debug|Any CPU
		{B5893F73-42C3-4D8D-9B33-73192FA8504B}.Debuggable Release|Any CPU.Build.0 = Debug|Any CPU
		{B5893F73-42C3-4D8D-9B33-73192FA8504B}.Debuggable Release|x64.ActiveCfg = Debug|Any CPU
		{B5893F73-42C3-4D8D-9B33-73192FA8504B}.Debuggable Release|x64.Build.0 = Debug|Any CPU
		{B5893F73-42C3-4D8D-9B33-73192FA8504B}.Debuggable Release|x86.ActiveCfg = Debug|Any CPU
		{B5893F73-42C3-4D8D-9B33-73192FA8504B}.Debuggable Release|x86.Build.0 = Debug|Any CPU
		{B5893F73-42C3-4D8D-9B33-73192FA8504B}.Release|Any CPU.ActiveCfg = Release|Any CPU
		{B5893F73-42C3-4D8D-9B33-73192FA8504B}.Release|Any CPU.Build.0 = Release|Any CPU
		{B5893F73-42C3-4D8D-9B33-73192FA8504B}.Release|x64.ActiveCfg = Release|Any CPU
		{B5893F73-42C3-4D8D-9B33-73192FA8504B}.Release|x64.Build.0 = Release|Any CPU
		{B5893F73-42C3-4D8D-9B33-73192FA8504B}.Release|x86.ActiveCfg = Release|Any CPU
		{B5893F73-42C3-4D8D-9B33-73192FA8504B}.Release|x86.Build.0 = Release|Any CPU
		{9B8EBA51-0E02-453F-8C85-8B54B73290EC}.Debug|Any CPU.ActiveCfg = Debug|Any CPU
		{9B8EBA51-0E02-453F-8C85-8B54B73290EC}.Debug|Any CPU.Build.0 = Debug|Any CPU
		{9B8EBA51-0E02-453F-8C85-8B54B73290EC}.Debug|x64.ActiveCfg = Debug|Any CPU
		{9B8EBA51-0E02-453F-8C85-8B54B73290EC}.Debug|x64.Build.0 = Debug|Any CPU
		{9B8EBA51-0E02-453F-8C85-8B54B73290EC}.Debug|x86.ActiveCfg = Debug|Any CPU
		{9B8EBA51-0E02-453F-8C85-8B54B73290EC}.Debug|x86.Build.0 = Debug|Any CPU
		{9B8EBA51-0E02-453F-8C85-8B54B73290EC}.Debuggable Release|Any CPU.ActiveCfg = Debug|Any CPU
		{9B8EBA51-0E02-453F-8C85-8B54B73290EC}.Debuggable Release|Any CPU.Build.0 = Debug|Any CPU
		{9B8EBA51-0E02-453F-8C85-8B54B73290EC}.Debuggable Release|x64.ActiveCfg = Debug|Any CPU
		{9B8EBA51-0E02-453F-8C85-8B54B73290EC}.Debuggable Release|x64.Build.0 = Debug|Any CPU
		{9B8EBA51-0E02-453F-8C85-8B54B73290EC}.Debuggable Release|x86.ActiveCfg = Debug|Any CPU
		{9B8EBA51-0E02-453F-8C85-8B54B73290EC}.Debuggable Release|x86.Build.0 = Debug|Any CPU
		{9B8EBA51-0E02-453F-8C85-8B54B73290EC}.Release|Any CPU.ActiveCfg = Release|Any CPU
		{9B8EBA51-0E02-453F-8C85-8B54B73290EC}.Release|Any CPU.Build.0 = Release|Any CPU
		{9B8EBA51-0E02-453F-8C85-8B54B73290EC}.Release|x64.ActiveCfg = Release|Any CPU
		{9B8EBA51-0E02-453F-8C85-8B54B73290EC}.Release|x64.Build.0 = Release|Any CPU
		{9B8EBA51-0E02-453F-8C85-8B54B73290EC}.Release|x86.ActiveCfg = Release|Any CPU
		{9B8EBA51-0E02-453F-8C85-8B54B73290EC}.Release|x86.Build.0 = Release|Any CPU
		{52F5B3F6-1EB3-4737-9B46-BF6DA8A90CF8}.Debug|Any CPU.ActiveCfg = Debug|Any CPU
		{52F5B3F6-1EB3-4737-9B46-BF6DA8A90CF8}.Debug|Any CPU.Build.0 = Debug|Any CPU
		{52F5B3F6-1EB3-4737-9B46-BF6DA8A90CF8}.Debug|x64.ActiveCfg = Debug|Any CPU
		{52F5B3F6-1EB3-4737-9B46-BF6DA8A90CF8}.Debug|x64.Build.0 = Debug|Any CPU
		{52F5B3F6-1EB3-4737-9B46-BF6DA8A90CF8}.Debug|x86.ActiveCfg = Debug|Any CPU
		{52F5B3F6-1EB3-4737-9B46-BF6DA8A90CF8}.Debug|x86.Build.0 = Debug|Any CPU
		{52F5B3F6-1EB3-4737-9B46-BF6DA8A90CF8}.Debuggable Release|Any CPU.ActiveCfg = Debug|Any CPU
		{52F5B3F6-1EB3-4737-9B46-BF6DA8A90CF8}.Debuggable Release|Any CPU.Build.0 = Debug|Any CPU
		{52F5B3F6-1EB3-4737-9B46-BF6DA8A90CF8}.Debuggable Release|x64.ActiveCfg = Debug|Any CPU
		{52F5B3F6-1EB3-4737-9B46-BF6DA8A90CF8}.Debuggable Release|x64.Build.0 = Debug|Any CPU
		{52F5B3F6-1EB3-4737-9B46-BF6DA8A90CF8}.Debuggable Release|x86.ActiveCfg = Debug|Any CPU
		{52F5B3F6-1EB3-4737-9B46-BF6DA8A90CF8}.Debuggable Release|x86.Build.0 = Debug|Any CPU
		{52F5B3F6-1EB3-4737-9B46-BF6DA8A90CF8}.Release|Any CPU.ActiveCfg = Release|Any CPU
		{52F5B3F6-1EB3-4737-9B46-BF6DA8A90CF8}.Release|Any CPU.Build.0 = Release|Any CPU
		{52F5B3F6-1EB3-4737-9B46-BF6DA8A90CF8}.Release|x64.ActiveCfg = Release|Any CPU
		{52F5B3F6-1EB3-4737-9B46-BF6DA8A90CF8}.Release|x64.Build.0 = Release|Any CPU
		{52F5B3F6-1EB3-4737-9B46-BF6DA8A90CF8}.Release|x86.ActiveCfg = Release|Any CPU
		{52F5B3F6-1EB3-4737-9B46-BF6DA8A90CF8}.Release|x86.Build.0 = Release|Any CPU
		{16ACB4CC-8D82-4938-A618-7090DD1C0EDB}.Debug|Any CPU.ActiveCfg = Debug|Any CPU
		{16ACB4CC-8D82-4938-A618-7090DD1C0EDB}.Debug|Any CPU.Build.0 = Debug|Any CPU
		{16ACB4CC-8D82-4938-A618-7090DD1C0EDB}.Debug|x64.ActiveCfg = Debug|Any CPU
		{16ACB4CC-8D82-4938-A618-7090DD1C0EDB}.Debug|x64.Build.0 = Debug|Any CPU
		{16ACB4CC-8D82-4938-A618-7090DD1C0EDB}.Debug|x86.ActiveCfg = Debug|Any CPU
		{16ACB4CC-8D82-4938-A618-7090DD1C0EDB}.Debug|x86.Build.0 = Debug|Any CPU
		{16ACB4CC-8D82-4938-A618-7090DD1C0EDB}.Debuggable Release|Any CPU.ActiveCfg = Debug|Any CPU
		{16ACB4CC-8D82-4938-A618-7090DD1C0EDB}.Debuggable Release|Any CPU.Build.0 = Debug|Any CPU
		{16ACB4CC-8D82-4938-A618-7090DD1C0EDB}.Debuggable Release|x64.ActiveCfg = Debug|Any CPU
		{16ACB4CC-8D82-4938-A618-7090DD1C0EDB}.Debuggable Release|x64.Build.0 = Debug|Any CPU
		{16ACB4CC-8D82-4938-A618-7090DD1C0EDB}.Debuggable Release|x86.ActiveCfg = Debug|Any CPU
		{16ACB4CC-8D82-4938-A618-7090DD1C0EDB}.Debuggable Release|x86.Build.0 = Debug|Any CPU
		{16ACB4CC-8D82-4938-A618-7090DD1C0EDB}.Release|Any CPU.ActiveCfg = Release|Any CPU
		{16ACB4CC-8D82-4938-A618-7090DD1C0EDB}.Release|Any CPU.Build.0 = Release|Any CPU
		{16ACB4CC-8D82-4938-A618-7090DD1C0EDB}.Release|x64.ActiveCfg = Release|Any CPU
		{16ACB4CC-8D82-4938-A618-7090DD1C0EDB}.Release|x64.Build.0 = Release|Any CPU
		{16ACB4CC-8D82-4938-A618-7090DD1C0EDB}.Release|x86.ActiveCfg = Release|Any CPU
		{16ACB4CC-8D82-4938-A618-7090DD1C0EDB}.Release|x86.Build.0 = Release|Any CPU
		{D9FEF37B-3A5F-4B8C-8D3C-7A8C8C4F6B1E}.Debug|Any CPU.ActiveCfg = Debug|Any CPU
		{D9FEF37B-3A5F-4B8C-8D3C-7A8C8C4F6B1E}.Debug|Any CPU.Build.0 = Debug|Any CPU
		{D9FEF37B-3A5F-4B8C-8D3C-7A8C8C4F6B1E}.Debug|x64.ActiveCfg = Debug|Any CPU
		{D9FEF37B-3A5F-4B8C-8D3C-7A8C8C4F6B1E}.Debug|x64.Build.0 = Debug|Any CPU
		{D9FEF37B-3A5F-4B8C-8D3C-7A8C8C4F6B1E}.Debug|x86.ActiveCfg = Debug|Any CPU
		{D9FEF37B-3A5F-4B8C-8D3C-7A8C8C4F6B1E}.Debug|x86.Build.0 = Debug|Any CPU
		{D9FEF37B-3A5F-4B8C-8D3C-7A8C8C4F6B1E}.Debuggable Release|Any CPU.ActiveCfg = Debug|Any CPU
		{D9FEF37B-3A5F-4B8C-8D3C-7A8C8C4F6B1E}.Debuggable Release|Any CPU.Build.0 = Debug|Any CPU
		{D9FEF37B-3A5F-4B8C-8D3C-7A8C8C4F6B1E}.Debuggable Release|x64.ActiveCfg = Debug|Any CPU
		{D9FEF37B-3A5F-4B8C-8D3C-7A8C8C4F6B1E}.Debuggable Release|x64.Build.0 = Debug|Any CPU
		{D9FEF37B-3A5F-4B8C-8D3C-7A8C8C4F6B1E}.Debuggable Release|x86.ActiveCfg = Debug|Any CPU
		{D9FEF37B-3A5F-4B8C-8D3C-7A8C8C4F6B1E}.Debuggable Release|x86.Build.0 = Debug|Any CPU
		{D9FEF37B-3A5F-4B8C-8D3C-7A8C8C4F6B1E}.Release|Any CPU.ActiveCfg = Release|Any CPU
		{D9FEF37B-3A5F-4B8C-8D3C-7A8C8C4F6B1E}.Release|Any CPU.Build.0 = Release|Any CPU
		{D9FEF37B-3A5F-4B8C-8D3C-7A8C8C4F6B1E}.Release|x64.ActiveCfg = Release|Any CPU
		{D9FEF37B-3A5F-4B8C-8D3C-7A8C8C4F6B1E}.Release|x64.Build.0 = Release|Any CPU
		{D9FEF37B-3A5F-4B8C-8D3C-7A8C8C4F6B1E}.Release|x86.ActiveCfg = Release|Any CPU
		{D9FEF37B-3A5F-4B8C-8D3C-7A8C8C4F6B1E}.Release|x86.Build.0 = Release|Any CPU
		{7A2E9277-73CA-4B39-A6AB-A64619835EAD}.Debug|Any CPU.ActiveCfg = Debug|Any CPU
		{7A2E9277-73CA-4B39-A6AB-A64619835EAD}.Debug|Any CPU.Build.0 = Debug|Any CPU
		{7A2E9277-73CA-4B39-A6AB-A64619835EAD}.Debug|x64.ActiveCfg = Debug|Any CPU
		{7A2E9277-73CA-4B39-A6AB-A64619835EAD}.Debug|x64.Build.0 = Debug|Any CPU
		{7A2E9277-73CA-4B39-A6AB-A64619835EAD}.Debug|x86.ActiveCfg = Debug|Any CPU
		{7A2E9277-73CA-4B39-A6AB-A64619835EAD}.Debug|x86.Build.0 = Debug|Any CPU
		{7A2E9277-73CA-4B39-A6AB-A64619835EAD}.Debuggable Release|Any CPU.ActiveCfg = Debug|Any CPU
		{7A2E9277-73CA-4B39-A6AB-A64619835EAD}.Debuggable Release|Any CPU.Build.0 = Debug|Any CPU
		{7A2E9277-73CA-4B39-A6AB-A64619835EAD}.Debuggable Release|x64.ActiveCfg = Debug|Any CPU
		{7A2E9277-73CA-4B39-A6AB-A64619835EAD}.Debuggable Release|x64.Build.0 = Debug|Any CPU
		{7A2E9277-73CA-4B39-A6AB-A64619835EAD}.Debuggable Release|x86.ActiveCfg = Debug|Any CPU
		{7A2E9277-73CA-4B39-A6AB-A64619835EAD}.Debuggable Release|x86.Build.0 = Debug|Any CPU
		{7A2E9277-73CA-4B39-A6AB-A64619835EAD}.Release|Any CPU.ActiveCfg = Release|Any CPU
		{7A2E9277-73CA-4B39-A6AB-A64619835EAD}.Release|Any CPU.Build.0 = Release|Any CPU
		{7A2E9277-73CA-4B39-A6AB-A64619835EAD}.Release|x64.ActiveCfg = Release|Any CPU
		{7A2E9277-73CA-4B39-A6AB-A64619835EAD}.Release|x64.Build.0 = Release|Any CPU
		{7A2E9277-73CA-4B39-A6AB-A64619835EAD}.Release|x86.ActiveCfg = Release|Any CPU
		{7A2E9277-73CA-4B39-A6AB-A64619835EAD}.Release|x86.Build.0 = Release|Any CPU
	EndGlobalSection
	GlobalSection(SolutionProperties) = preSolution
		HideSolutionNode = FALSE
	EndGlobalSection
EndGlobal
